
Microsoft Visual Studio Solution File, Format Version 12.00
# Visual Studio Version 17
VisualStudioVersion = 17.2.32516.85
MinimumVisualStudioVersion = 10.0.40219.1
Project("{FAE04EC0-301F-11D3-BF4B-00C04F79EFBC}") = "TekrarApp", "TekrarApp\TekrarApp.csproj", "{07098FC8-EAE7-4341-8034-133A428BC492}"
EndProject
Global
	GlobalSection(SolutionConfigurationPlatforms) = preSolution
		Debug|Any CPU = Debug|Any CPU
		Release|Any CPU = Release|Any CPU
	EndGlobalSection
	GlobalSection(ProjectConfigurationPlatforms) = postSolution
		{07098FC8-EAE7-4341-8034-133A428BC492}.Debug|Any CPU.ActiveCfg = Debug|Any CPU
		{07098FC8-EAE7-4341-8034-133A428BC492}.Debug|Any CPU.Build.0 = Debug|Any CPU
		{07098FC8-EAE7-4341-8034-133A428BC492}.Release|Any CPU.ActiveCfg = Release|Any CPU
		{07098FC8-EAE7-4341-8034-133A428BC492}.Release|Any CPU.Build.0 = Release|Any CPU
	EndGlobalSection
	GlobalSection(SolutionProperties) = preSolution
		HideSolutionNode = FALSE
	EndGlobalSection
	GlobalSection(ExtensibilityGlobals) = postSolution
		SolutionGuid = {8B22D175-310B-4B66-95D8-D1F1952FFD63}
	EndGlobalSection
EndGlobal
